
Microsoft Visual Studio Solution File, Format Version 12.00
# Visual Studio Version 17
VisualStudioVersion = 17.12.35527.113 d17.12
MinimumVisualStudioVersion = 10.0.40219.1
Project("{2150E333-8FDC-42A3-9474-1A3956D46DE8}") = "Core", "Core", "{5F21860D-F1BF-4490-8D93-D8D662C5247B}"
EndProject
Project("{2150E333-8FDC-42A3-9474-1A3956D46DE8}") = "Infrastructure", "Infrastructure", "{91EE6355-B349-4704-B661-96BCA0F9BCA5}"
EndProject
Project("{2150E333-8FDC-42A3-9474-1A3956D46DE8}") = "Presentation", "Presentation", "{8DDF038B-DFF8-41F8-BD6F-AEE64943302B}"
EndProject
Project("{2150E333-8FDC-42A3-9474-1A3956D46DE8}") = "Requirements", "Requirements", "{BB9F5461-D3CA-45CA-82AF-B85ACD454EFB}"
EndProject
Project("{FAE04EC0-301F-11D3-BF4B-00C04F79EFBC}") = "MovieApi.Domain", "Core\MovieApi.Domain\MovieApi.Domain.csproj", "{CC1F5347-E73B-4959-9ED7-4FF68DD42835}"
EndProject
Project("{FAE04EC0-301F-11D3-BF4B-00C04F79EFBC}") = "MovieApi.Persistence", "Infrastructure\MovieApi.Persistence\MovieApi.Persistence.csproj", "{43350136-ED0C-484A-A706-510A7EC93E78}"
EndProject
Project("{2150E333-8FDC-42A3-9474-1A3956D46DE8}") = "Frontends", "Frontends", "{2036C03C-1868-40BA-9796-E37D52C229A8}"
EndProject
Project("{FAE04EC0-301F-11D3-BF4B-00C04F79EFBC}") = "MovieApi.WebApi", "Presentation\MovieApi.WebApi\MovieApi.WebApi.csproj", "{D54A477D-363C-4270-BC92-28CBA756B81A}"
EndProject
Global
	GlobalSection(SolutionConfigurationPlatforms) = preSolution
		Debug|Any CPU = Debug|Any CPU
		Release|Any CPU = Release|Any CPU
	EndGlobalSection
	GlobalSection(ProjectConfigurationPlatforms) = postSolution
		{CC1F5347-E73B-4959-9ED7-4FF68DD42835}.Debug|Any CPU.ActiveCfg = Debug|Any CPU
		{CC1F5347-E73B-4959-9ED7-4FF68DD42835}.Debug|Any CPU.Build.0 = Debug|Any CPU
		{CC1F5347-E73B-4959-9ED7-4FF68DD42835}.Release|Any CPU.ActiveCfg = Release|Any CPU
		{CC1F5347-E73B-4959-9ED7-4FF68DD42835}.Release|Any CPU.Build.0 = Release|Any CPU
		{43350136-ED0C-484A-A706-510A7EC93E78}.Debug|Any CPU.ActiveCfg = Debug|Any CPU
		{43350136-ED0C-484A-A706-510A7EC93E78}.Debug|Any CPU.Build.0 = Debug|Any CPU
		{43350136-ED0C-484A-A706-510A7EC93E78}.Release|Any CPU.ActiveCfg = Release|Any CPU
		{43350136-ED0C-484A-A706-510A7EC93E78}.Release|Any CPU.Build.0 = Release|Any CPU
		{D54A477D-363C-4270-BC92-28CBA756B81A}.Debug|Any CPU.ActiveCfg = Debug|Any CPU
		{D54A477D-363C-4270-BC92-28CBA756B81A}.Debug|Any CPU.Build.0 = Debug|Any CPU
		{D54A477D-363C-4270-BC92-28CBA756B81A}.Release|Any CPU.ActiveCfg = Release|Any CPU
		{D54A477D-363C-4270-BC92-28CBA756B81A}.Release|Any CPU.Build.0 = Release|Any CPU
	EndGlobalSection
	GlobalSection(SolutionProperties) = preSolution
		HideSolutionNode = FALSE
	EndGlobalSection
	GlobalSection(NestedProjects) = preSolution
		{CC1F5347-E73B-4959-9ED7-4FF68DD42835} = {5F21860D-F1BF-4490-8D93-D8D662C5247B}
		{43350136-ED0C-484A-A706-510A7EC93E78} = {91EE6355-B349-4704-B661-96BCA0F9BCA5}
		{D54A477D-363C-4270-BC92-28CBA756B81A} = {8DDF038B-DFF8-41F8-BD6F-AEE64943302B}
	EndGlobalSection
EndGlobal
